Microsoft Visual Studio Solution File, Format Version 12.00
# Visual Studio Version 17
VisualStudioVersion = 17.10.35013.160
MinimumVisualStudioVersion = 10.0.40219.1
Project("{FAE04EC0-301F-11D3-BF4B-00C04F79EFBC}") = "ReservationProcessor.AppHost", "ReservationProcessor.AppHost\ReservationProcessor.AppHost.csproj", "{6A6E7003-A89C-4E87-B5D6-3B75B07AB29E}"
EndProject
Project("{9A19103F-16F7-4668-BE54-9A1E7A4F7556}") = "ReservationProcessor.ServiceDefaults", "ReservationProcessor.ServiceDefaults\ReservationProcessor.ServiceDefaults.csproj", "{6F1E5F3F-EDC9-401D-A787-C4C7B3BF382C}"
EndProject
Project("{9A19103F-16F7-4668-BE54-9A1E7A4F7556}") = "ReservationProcessor.ReservationService", "ReservationProcessor.ReservationService\ReservationProcessor.ReservationService.csproj", "{AEDD6F0E-56C1-495E-8EA5-0941D55BB1EA}"
EndProject
Project("{9A19103F-16F7-4668-BE54-9A1E7A4F7556}") = "ReservationProcessor.AcceptanceService", "ReservationProcessor.AcceptanceService\ReservationProcessor.AcceptanceService.csproj", "{6214B0F9-A6AE-48DC-AA26-679AA872B00E}"
EndProject
Project("{9A19103F-16F7-4668-BE54-9A1E7A4F7556}") = "ReservationProcessor.RejectionService", "ReservationProcessor.RejectionService\ReservationProcessor.RejectionService.csproj", "{53C40D5D-7301-437B-9681-3D6898CF90BA}"
EndProject
Global
	GlobalSection(SolutionConfigurationPlatforms) = preSolution
		Debug|Any CPU = Debug|Any CPU
		Release|Any CPU = Release|Any CPU
	EndGlobalSection
	GlobalSection(ProjectConfigurationPlatforms) = postSolution
		{6A6E7003-A89C-4E87-B5D6-3B75B07AB29E}.Debug|Any CPU.ActiveCfg = Debug|Any CPU
		{6A6E7003-A89C-4E87-B5D6-3B75B07AB29E}.Debug|Any CPU.Build.0 = Debug|Any CPU
		{6A6E7003-A89C-4E87-B5D6-3B75B07AB29E}.Release|Any CPU.ActiveCfg = Release|Any CPU
		{6A6E7003-A89C-4E87-B5D6-3B75B07AB29E}.Release|Any CPU.Build.0 = Release|Any CPU
		{6F1E5F3F-EDC9-401D-A787-C4C7B3BF382C}.Debug|Any CPU.ActiveCfg = Debug|Any CPU
		{6F1E5F3F-EDC9-401D-A787-C4C7B3BF382C}.Debug|Any CPU.Build.0 = Debug|Any CPU
		{6F1E5F3F-EDC9-401D-A787-C4C7B3BF382C}.Release|Any CPU.ActiveCfg = Release|Any CPU
		{6F1E5F3F-EDC9-401D-A787-C4C7B3BF382C}.Release|Any CPU.Build.0 = Release|Any CPU
		{AEDD6F0E-56C1-495E-8EA5-0941D55BB1EA}.Debug|Any CPU.ActiveCfg = Debug|Any CPU
		{AEDD6F0E-56C1-495E-8EA5-0941D55BB1EA}.Debug|Any CPU.Build.0 = Debug|Any CPU
		{AEDD6F0E-56C1-495E-8EA5-0941D55BB1EA}.Release|Any CPU.ActiveCfg = Release|Any CPU
		{AEDD6F0E-56C1-495E-8EA5-0941D55BB1EA}.Release|Any CPU.Build.0 = Release|Any CPU
		{6214B0F9-A6AE-48DC-AA26-679AA872B00E}.Debug|Any CPU.ActiveCfg = Debug|Any CPU
		{6214B0F9-A6AE-48DC-AA26-679AA872B00E}.Debug|Any CPU.Build.0 = Debug|Any CPU
		{6214B0F9-A6AE-48DC-AA26-679AA872B00E}.Release|Any CPU.ActiveCfg = Release|Any CPU
		{6214B0F9-A6AE-48DC-AA26-679AA872B00E}.Release|Any CPU.Build.0 = Release|Any CPU
		{53C40D5D-7301-437B-9681-3D6898CF90BA}.Debug|Any CPU.ActiveCfg = Debug|Any CPU
		{53C40D5D-7301-437B-9681-3D6898CF90BA}.Debug|Any CPU.Build.0 = Debug|Any CPU
		{53C40D5D-7301-437B-9681-3D6898CF90BA}.Release|Any CPU.ActiveCfg = Release|Any CPU
		{53C40D5D-7301-437B-9681-3D6898CF90BA}.Release|Any CPU.Build.0 = Release|Any CPU
	EndGlobalSection
	GlobalSection(SolutionProperties) = preSolution
		HideSolutionNode = FALSE
	EndGlobalSection
	GlobalSection(ExtensibilityGlobals) = postSolution
		SolutionGuid = {D11199A6-DD12-4262-B57B-2D1E42CE6A5F}
	EndGlobalSection
EndGlobal
